// !$*UTF8*$!
{
	archiveVersion = 1;
	classes = {
	};
	objectVersion = 56;
	objects = {

/* Begin PBXBuildFile section */
		228542C02A7B8DAF00AE1A14 /* BackgroundAnimation.swift in Sources */ = {isa = PBXBuildFile; fileRef = 228542BF2A7B8DAF00AE1A14 /* BackgroundAnimation.swift */; };
		2293651B2A883E7B00F49934 /* TimerDateTests.swift in Sources */ = {isa = PBXBuildFile; fileRef = 2293651A2A883E7B00F49934 /* TimerDateTests.swift */; };
		229365222A88440A00F49934 /* TimerDate.swift in Sources */ = {isa = PBXBuildFile; fileRef = 229365212A88440A00F49934 /* TimerDate.swift */; };
		22C5BFAE2A794FA400384FF7 /* Minimalist_WatchApp.swift in Sources */ = {isa = PBXBuildFile; fileRef = 22C5BFAD2A794FA400384FF7 /* Minimalist_WatchApp.swift */; };
		22C5BFB02A794FA400384FF7 /* Clock.swift in Sources */ = {isa = PBXBuildFile; fileRef = 22C5BFAF2A794FA400384FF7 /* Clock.swift */; };
		22C5BFB22A794FA600384FF7 /* Assets.xcassets in Resources */ = {isa = PBXBuildFile; fileRef = 22C5BFB12A794FA600384FF7 /* Assets.xcassets */; };
		22C5BFB62A794FA600384FF7 /* Preview Assets.xcassets in Resources */ = {isa = PBXBuildFile; fileRef = 22C5BFB52A794FA600384FF7 /* Preview Assets.xcassets */; };
		22C5BFBD2A7A3E5A00384FF7 /* SettingsView.swift in Sources */ = {isa = PBXBuildFile; fileRef = 22C5BFBC2A7A3E5900384FF7 /* SettingsView.swift */; };
		22C5BFC12A7A3FD800384FF7 /* CountdownTimer.swift in Sources */ = {isa = PBXBuildFile; fileRef = 22C5BFC02A7A3FD800384FF7 /* CountdownTimer.swift */; };
		22C5BFC32A7A3FDF00384FF7 /* Stopwatch.swift in Sources */ = {isa = PBXBuildFile; fileRef = 22C5BFC22A7A3FDF00384FF7 /* Stopwatch.swift */; };
		22C5BFC52A7A3FEF00384FF7 /* WorldClock.swift in Sources */ = {isa = PBXBuildFile; fileRef = 22C5BFC42A7A3FEF00384FF7 /* WorldClock.swift */; };
		22C5BFC72A7A414000384FF7 /* MainScreen.swift in Sources */ = {isa = PBXBuildFile; fileRef = 22C5BFC62A7A414000384FF7 /* MainScreen.swift */; };
/* End PBXBuildFile section */

/* Begin PBXContainerItemProxy section */
		2293651C2A883E7B00F49934 /* PBXContainerItemProxy */ = {
			isa = PBXContainerItemProxy;
			containerPortal = 22C5BFA22A794FA400384FF7 /* Project object */;
			proxyType = 1;
			remoteGlobalIDString = 22C5BFA92A794FA400384FF7;
			remoteInfo = "Minimalist Watch";
		};
/* End PBXContainerItemProxy section */

/* Begin PBXFileReference section */
		228542BF2A7B8DAF00AE1A14 /* BackgroundAnimation.swift */ = {isa = PBXFileReference; lastKnownFileType = sourcecode.swift; path = BackgroundAnimation.swift; sourceTree = "<group>"; };
		229365182A883E7B00F49934 /* MinimalistWatchTests.xctest */ = {isa = PBXFileReference; explicitFileType = wrapper.cfbundle; includeInIndex = 0; path = MinimalistWatchTests.xctest; sourceTree = BUILT_PRODUCTS_DIR; };
		2293651A2A883E7B00F49934 /* TimerDateTests.swift */ = {isa = PBXFileReference; lastKnownFileType = sourcecode.swift; path = TimerDateTests.swift; sourceTree = "<group>"; };
		229365212A88440A00F49934 /* TimerDate.swift */ = {isa = PBXFileReference; lastKnownFileType = sourcecode.swift; path = TimerDate.swift; sourceTree = "<group>"; };
		22C5BFAA2A794FA400384FF7 /* Minimalist Watch.app */ = {isa = PBXFileReference; explicitFileType = wrapper.application; includeInIndex = 0; path = "Minimalist Watch.app"; sourceTree = BUILT_PRODUCTS_DIR; };
		22C5BFAD2A794FA400384FF7 /* Minimalist_WatchApp.swift */ = {isa = PBXFileReference; lastKnownFileType = sourcecode.swift; path = Minimalist_WatchApp.swift; sourceTree = "<group>"; };
		22C5BFAF2A794FA400384FF7 /* Clock.swift */ = {isa = PBXFileReference; lastKnownFileType = sourcecode.swift; path = Clock.swift; sourceTree = "<group>"; };
		22C5BFB12A794FA600384FF7 /* Assets.xcassets */ = {isa = PBXFileReference; lastKnownFileType = folder.assetcatalog; path = Assets.xcassets; sourceTree = "<group>"; };
		22C5BFB32A794FA600384FF7 /* Minimalist_Watch.entitlements */ = {isa = PBXFileReference; lastKnownFileType = text.plist.entitlements; path = Minimalist_Watch.entitlements; sourceTree = "<group>"; };
		22C5BFB52A794FA600384FF7 /* Preview Assets.xcassets */ = {isa = PBXFileReference; lastKnownFileType = folder.assetcatalog; path = "Preview Assets.xcassets"; sourceTree = "<group>"; };
		22C5BFBC2A7A3E5900384FF7 /* SettingsView.swift */ = {isa = PBXFileReference; lastKnownFileType = sourcecode.swift; path = SettingsView.swift; sourceTree = "<group>"; };
		22C5BFC02A7A3FD800384FF7 /* CountdownTimer.swift */ = {isa = PBXFileReference; lastKnownFileType = sourcecode.swift; path = CountdownTimer.swift; sourceTree = "<group>"; };
		22C5BFC22A7A3FDF00384FF7 /* Stopwatch.swift */ = {isa = PBXFileReference; lastKnownFileType = sourcecode.swift; path = Stopwatch.swift; sourceTree = "<group>"; };
		22C5BFC42A7A3FEF00384FF7 /* WorldClock.swift */ = {isa = PBXFileReference; lastKnownFileType = sourcecode.swift; path = WorldClock.swift; sourceTree = "<group>"; };
		22C5BFC62A7A414000384FF7 /* MainScreen.swift */ = {isa = PBXFileReference; lastKnownFileType = sourcecode.swift; path = MainScreen.swift; sourceTree = "<group>"; };
/* End PBXFileReference section */

/* Begin PBXFrameworksBuildPhase section */
		229365152A883E7B00F49934 /* Frameworks */ = {
			isa = PBXFrameworksBuildPhase;
			buildActionMask = 2147483647;
			files = (
			);
			runOnlyForDeploymentPostprocessing = 0;
		};
		22C5BFA72A794FA400384FF7 /* Frameworks */ = {
			isa = PBXFrameworksBuildPhase;
			buildActionMask = 2147483647;
			files = (
			);
			runOnlyForDeploymentPostprocessing = 0;
		};
/* End PBXFrameworksBuildPhase section */

/* Begin PBXGroup section */
		229365192A883E7B00F49934 /* MinimalistWatchTests */ = {
			isa = PBXGroup;
			children = (
				2293651A2A883E7B00F49934 /* TimerDateTests.swift */,
			);
			path = MinimalistWatchTests;
			sourceTree = "<group>";
		};
		22C5BFA12A794FA400384FF7 = {
			isa = PBXGroup;
			children = (
				22C5BFAC2A794FA400384FF7 /* Minimalist Watch */,
				229365192A883E7B00F49934 /* MinimalistWatchTests */,
				22C5BFAB2A794FA400384FF7 /* Products */,
			);
			sourceTree = "<group>";
		};
		22C5BFAB2A794FA400384FF7 /* Products */ = {
			isa = PBXGroup;
			children = (
				22C5BFAA2A794FA400384FF7 /* Minimalist Watch.app */,
				229365182A883E7B00F49934 /* MinimalistWatchTests.xctest */,
			);
			name = Products;
			sourceTree = "<group>";
		};
		22C5BFAC2A794FA400384FF7 /* Minimalist Watch */ = {
			isa = PBXGroup;
			children = (
				22C5BFAD2A794FA400384FF7 /* Minimalist_WatchApp.swift */,
				22C5BFAF2A794FA400384FF7 /* Clock.swift */,
				22C5BFC62A7A414000384FF7 /* MainScreen.swift */,
				22C5BFBC2A7A3E5900384FF7 /* SettingsView.swift */,
				22C5BFC02A7A3FD800384FF7 /* CountdownTimer.swift */,
				229365212A88440A00F49934 /* TimerDate.swift */,
				22C5BFC22A7A3FDF00384FF7 /* Stopwatch.swift */,
				228542BF2A7B8DAF00AE1A14 /* BackgroundAnimation.swift */,
				22C5BFC42A7A3FEF00384FF7 /* WorldClock.swift */,
				22C5BFB12A794FA600384FF7 /* Assets.xcassets */,
				22C5BFB32A794FA600384FF7 /* Minimalist_Watch.entitlements */,
				22C5BFB42A794FA600384FF7 /* Preview Content */,
			);
			path = "Minimalist Watch";
			sourceTree = "<group>";
		};
		22C5BFB42A794FA600384FF7 /* Preview Content */ = {
			isa = PBXGroup;
			children = (
				22C5BFB52A794FA600384FF7 /* Preview Assets.xcassets */,
			);
			path = "Preview Content";
			sourceTree = "<group>";
		};
/* End PBXGroup section */

/* Begin PBXNativeTarget section */
		229365172A883E7B00F49934 /* MinimalistWatchTests */ = {
			isa = PBXNativeTarget;
			buildConfigurationList = 229365202A883E7B00F49934 /* Build configuration list for PBXNativeTarget "MinimalistWatchTests" */;
			buildPhases = (
				229365142A883E7B00F49934 /* Sources */,
				229365152A883E7B00F49934 /* Frameworks */,
				229365162A883E7B00F49934 /* Resources */,
			);
			buildRules = (
			);
			dependencies = (
				2293651D2A883E7B00F49934 /* PBXTargetDependency */,
			);
			name = MinimalistWatchTests;
			productName = MinimalistWatchTests;
			productReference = 229365182A883E7B00F49934 /* MinimalistWatchTests.xctest */;
			productType = "com.apple.product-type.bundle.unit-test";
		};
		22C5BFA92A794FA400384FF7 /* Minimalist Watch */ = {
			isa = PBXNativeTarget;
			buildConfigurationList = 22C5BFB92A794FA600384FF7 /* Build configuration list for PBXNativeTarget "Minimalist Watch" */;
			buildPhases = (
				22C5BFA62A794FA400384FF7 /* Sources */,
				22C5BFA72A794FA400384FF7 /* Frameworks */,
				22C5BFA82A794FA400384FF7 /* Resources */,
			);
			buildRules = (
			);
			dependencies = (
			);
			name = "Minimalist Watch";
			productName = "Minimalist Watch";
			productReference = 22C5BFAA2A794FA400384FF7 /* Minimalist Watch.app */;
			productType = "com.apple.product-type.application";
		};
/* End PBXNativeTarget section */

/* Begin PBXProject section */
		22C5BFA22A794FA400384FF7 /* Project object */ = {
			isa = PBXProject;
			attributes = {
				BuildIndependentTargetsInParallel = 1;
				LastSwiftUpdateCheck = 1430;
				LastUpgradeCheck = 1430;
				TargetAttributes = {
					229365172A883E7B00F49934 = {
						CreatedOnToolsVersion = 14.3;
						TestTargetID = 22C5BFA92A794FA400384FF7;
					};
					22C5BFA92A794FA400384FF7 = {
						CreatedOnToolsVersion = 14.3;
					};
				};
			};
			buildConfigurationList = 22C5BFA52A794FA400384FF7 /* Build configuration list for PBXProject "Minimalist Watch" */;
			compatibilityVersion = "Xcode 14.0";
			developmentRegion = en;
			hasScannedForEncodings = 0;
			knownRegions = (
				en,
				Base,
			);
			mainGroup = 22C5BFA12A794FA400384FF7;
			productRefGroup = 22C5BFAB2A794FA400384FF7 /* Products */;
			projectDirPath = "";
			projectRoot = "";
			targets = (
				22C5BFA92A794FA400384FF7 /* Minimalist Watch */,
				229365172A883E7B00F49934 /* MinimalistWatchTests */,
			);
		};
/* End PBXProject section */

/* Begin PBXResourcesBuildPhase section */
		229365162A883E7B00F49934 /* Resources */ = {
			isa = PBXResourcesBuildPhase;
			buildActionMask = 2147483647;
			files = (
			);
			runOnlyForDeploymentPostprocessing = 0;
		};
		22C5BFA82A794FA400384FF7 /* Resources */ = {
			isa = PBXResourcesBuildPhase;
			buildActionMask = 2147483647;
			files = (
				22C5BFB62A794FA600384FF7 /* Preview Assets.xcassets in Resources */,
				22C5BFB22A794FA600384FF7 /* Assets.xcassets in Resources */,
			);
			runOnlyForDeploymentPostprocessing = 0;
		};
/* End PBXResourcesBuildPhase section */

/* Begin PBXSourcesBuildPhase section */
		229365142A883E7B00F49934 /* Sources */ = {
			isa = PBXSourcesBuildPhase;
			buildActionMask = 2147483647;
			files = (
				2293651B2A883E7B00F49934 /* TimerDateTests.swift in Sources */,
			);
			runOnlyForDeploymentPostprocessing = 0;
		};
		22C5BFA62A794FA400384FF7 /* Sources */ = {
			isa = PBXSourcesBuildPhase;
			buildActionMask = 2147483647;
			files = (
				22C5BFBD2A7A3E5A00384FF7 /* SettingsView.swift in Sources */,
				228542C02A7B8DAF00AE1A14 /* BackgroundAnimation.swift in Sources */,
				22C5BFC72A7A414000384FF7 /* MainScreen.swift in Sources */,
				229365222A88440A00F49934 /* TimerDate.swift in Sources */,
				22C5BFC12A7A3FD800384FF7 /* CountdownTimer.swift in Sources */,
				22C5BFC32A7A3FDF00384FF7 /* Stopwatch.swift in Sources */,
				22C5BFB02A794FA400384FF7 /* Clock.swift in Sources */,
				22C5BFAE2A794FA400384FF7 /* Minimalist_WatchApp.swift in Sources */,
				22C5BFC52A7A3FEF00384FF7 /* WorldClock.swift in Sources */,
			);
			runOnlyForDeploymentPostprocessing = 0;
		};
/* End PBXSourcesBuildPhase section */

/* Begin PBXTargetDependency section */
		2293651D2A883E7B00F49934 /* PBXTargetDependency */ = {
			isa = PBXTargetDependency;
			target = 22C5BFA92A794FA400384FF7 /* Minimalist Watch */;
			targetProxy = 2293651C2A883E7B00F49934 /* PBXContainerItemProxy */;
		};
/* End PBXTargetDependency section */

/* Begin XCBuildConfiguration section */
		2293651E2A883E7B00F49934 /* Debug */ = {
			isa = XCBuildConfiguration;
			buildSettings = {
				BUNDLE_LOADER = "$(TEST_HOST)";
				CODE_SIGN_STYLE = Automatic;
				CURRENT_PROJECT_VERSION = 1;
				DEVELOPMENT_TEAM = SDSLU2QT5X;
				GENERATE_INFOPLIST_FILE = YES;
				IPHONEOS_DEPLOYMENT_TARGET = 16.4;
				MACOSX_DEPLOYMENT_TARGET = 13.2;
				MARKETING_VERSION = 1.0;
				PRODUCT_BUNDLE_IDENTIFIER = com.muizidn.MinimalistWatchTests;
				PRODUCT_NAME = "$(TARGET_NAME)";
				SDKROOT = auto;
				SUPPORTED_PLATFORMS = "iphoneos iphonesimulator macosx";
				SWIFT_EMIT_LOC_STRINGS = NO;
				SWIFT_VERSION = 5.0;
				TARGETED_DEVICE_FAMILY = "1,2";
				TEST_HOST = "$(BUILT_PRODUCTS_DIR)/Minimalist Watch.app/$(BUNDLE_EXECUTABLE_FOLDER_PATH)/Minimalist Watch";
			};
			name = Debug;
		};
		2293651F2A883E7B00F49934 /* Release */ = {
			isa = XCBuildConfiguration;
			buildSettings = {
				BUNDLE_LOADER = "$(TEST_HOST)";
				CODE_SIGN_STYLE = Automatic;
				CURRENT_PROJECT_VERSION = 1;
				DEVELOPMENT_TEAM = SDSLU2QT5X;
				GENERATE_INFOPLIST_FILE = YES;
				IPHONEOS_DEPLOYMENT_TARGET = 16.4;
				MACOSX_DEPLOYMENT_TARGET = 13.2;
				MARKETING_VERSION = 1.0;
				PRODUCT_BUNDLE_IDENTIFIER = com.muizidn.MinimalistWatchTests;
				PRODUCT_NAME = "$(TARGET_NAME)";
				SDKROOT = auto;
				SUPPORTED_PLATFORMS = "iphoneos iphonesimulator macosx";
				SWIFT_EMIT_LOC_STRINGS = NO;
				SWIFT_VERSION = 5.0;
				TARGETED_DEVICE_FAMILY = "1,2";
				TEST_HOST = "$(BUILT_PRODUCTS_DIR)/Minimalist Watch.app/$(BUNDLE_EXECUTABLE_FOLDER_PATH)/Minimalist Watch";
			};
			name = Release;
		};
		22C5BFB72A794FA600384FF7 /* Debug */ = {
			isa = XCBuildConfiguration;
			buildSettings = {
				ALWAYS_SEARCH_USER_PATHS = NO;
				CLANG_ANALYZER_NONNULL = YES;
				CLANG_ANALYZER_NUMBER_OBJECT_CONVERSION = YES_AGGRESSIVE;
				CLANG_CXX_LANGUAGE_STANDARD = "gnu++20";
				CLANG_ENABLE_MODULES = YES;
				CLANG_ENABLE_OBJC_ARC = YES;
				CLANG_ENABLE_OBJC_WEAK = YES;
				CLANG_WARN_BLOCK_CAPTURE_AUTORELEASING = YES;
				CLANG_WARN_BOOL_CONVERSION = YES;
				CLANG_WARN_COMMA = YES;
				CLANG_WARN_CONSTANT_CONVERSION = YES;
				CLANG_WARN_DEPRECATED_OBJC_IMPLEMENTATIONS = YES;
				CLANG_WARN_DIRECT_OBJC_ISA_USAGE = YES_ERROR;
				CLANG_WARN_DOCUMENTATION_COMMENTS = YES;
				CLANG_WARN_EMPTY_BODY = YES;
				CLANG_WARN_ENUM_CONVERSION = YES;
				CLANG_WARN_INFINITE_RECURSION = YES;
				CLANG_WARN_INT_CONVERSION = YES;
				CLANG_WARN_NON_LITERAL_NULL_CONVERSION = YES;
				CLANG_WARN_OBJC_IMPLICIT_RETAIN_SELF = YES;
				CLANG_WARN_OBJC_LITERAL_CONVERSION = YES;
				CLANG_WARN_OBJC_ROOT_CLASS = YES_ERROR;
				CLANG_WARN_QUOTED_INCLUDE_IN_FRAMEWORK_HEADER = YES;
				CLANG_WARN_RANGE_LOOP_ANALYSIS = YES;
				CLANG_WARN_STRICT_PROTOTYPES = YES;
				CLANG_WARN_SUSPICIOUS_MOVE = YES;
				CLANG_WARN_UNGUARDED_AVAILABILITY = YES_AGGRESSIVE;
				CLANG_WARN_UNREACHABLE_CODE = YES;
				CLANG_WARN__DUPLICATE_METHOD_MATCH = YES;
				COPY_PHASE_STRIP = NO;
				DEBUG_INFORMATION_FORMAT = dwarf;
				ENABLE_STRICT_OBJC_MSGSEND = YES;
				ENABLE_TESTABILITY = YES;
				GCC_C_LANGUAGE_STANDARD = gnu11;
				GCC_DYNAMIC_NO_PIC = NO;
				GCC_NO_COMMON_BLOCKS = YES;
				GCC_OPTIMIZATION_LEVEL = 0;
				GCC_PREPROCESSOR_DEFINITIONS = (
					"DEBUG=1",
					"$(inherited)",
				);
				GCC_WARN_64_TO_32_BIT_CONVERSION = YES;
				GCC_WARN_ABOUT_RETURN_TYPE = YES_ERROR;
				GCC_WARN_UNDECLARED_SELECTOR = YES;
				GCC_WARN_UNINITIALIZED_AUTOS = YES_AGGRESSIVE;
				GCC_WARN_UNUSED_FUNCTION = YES;
				GCC_WARN_UNUSED_VARIABLE = YES;
				MTL_ENABLE_DEBUG_INFO = INCLUDE_SOURCE;
				MTL_FAST_MATH = YES;
				ONLY_ACTIVE_ARCH = YES;
				SWIFT_ACTIVE_COMPILATION_CONDITIONS = DEBUG;
				SWIFT_OPTIMIZATION_LEVEL = "-Onone";
			};
			name = Debug;
		};
		22C5BFB82A794FA600384FF7 /* Release */ = {
			isa = XCBuildConfiguration;
			buildSettings = {
				ALWAYS_SEARCH_USER_PATHS = NO;
				CLANG_ANALYZER_NONNULL = YES;
				CLANG_ANALYZER_NUMBER_OBJECT_CONVERSION = YES_AGGRESSIVE;
				CLANG_CXX_LANGUAGE_STANDARD = "gnu++20";
				CLANG_ENABLE_MODULES = YES;
				CLANG_ENABLE_OBJC_ARC = YES;
				CLANG_ENABLE_OBJC_WEAK = YES;
				CLANG_WARN_BLOCK_CAPTURE_AUTORELEASING = YES;
				CLANG_WARN_BOOL_CONVERSION = YES;
				CLANG_WARN_COMMA = YES;
				CLANG_WARN_CONSTANT_CONVERSION = YES;
				CLANG_WARN_DEPRECATED_OBJC_IMPLEMENTATIONS = YES;
				CLANG_WARN_DIRECT_OBJC_ISA_USAGE = YES_ERROR;
				CLANG_WARN_DOCUMENTATION_COMMENTS = YES;
				CLANG_WARN_EMPTY_BODY = YES;
				CLANG_WARN_ENUM_CONVERSION = YES;
				CLANG_WARN_INFINITE_RECURSION = YES;
				CLANG_WARN_INT_CONVERSION = YES;
				CLANG_WARN_NON_LITERAL_NULL_CONVERSION = YES;
				CLANG_WARN_OBJC_IMPLICIT_RETAIN_SELF = YES;
				CLANG_WARN_OBJC_LITERAL_CONVERSION = YES;
				CLANG_WARN_OBJC_ROOT_CLASS = YES_ERROR;
				CLANG_WARN_QUOTED_INCLUDE_IN_FRAMEWORK_HEADER = YES;
				CLANG_WARN_RANGE_LOOP_ANALYSIS = YES;
				CLANG_WARN_STRICT_PROTOTYPES = YES;
				CLANG_WARN_SUSPICIOUS_MOVE = YES;
				CLANG_WARN_UNGUARDED_AVAILABILITY = YES_AGGRESSIVE;
				CLANG_WARN_UNREACHABLE_CODE = YES;
				CLANG_WARN__DUPLICATE_METHOD_MATCH = YES;
				COPY_PHASE_STRIP = NO;
				DEBUG_INFORMATION_FORMAT = "dwarf-with-dsym";
				ENABLE_NS_ASSERTIONS = NO;
				ENABLE_STRICT_OBJC_MSGSEND = YES;
				GCC_C_LANGUAGE_STANDARD = gnu11;
				GCC_NO_COMMON_BLOCKS = YES;
				GCC_WARN_64_TO_32_BIT_CONVERSION = YES;
				GCC_WARN_ABOUT_RETURN_TYPE = YES_ERROR;
				GCC_WARN_UNDECLARED_SELECTOR = YES;
				GCC_WARN_UNINITIALIZED_AUTOS = YES_AGGRESSIVE;
				GCC_WARN_UNUSED_FUNCTION = YES;
				GCC_WARN_UNUSED_VARIABLE = YES;
				MTL_ENABLE_DEBUG_INFO = NO;
				MTL_FAST_MATH = YES;
				SWIFT_COMPILATION_MODE = wholemodule;
				SWIFT_OPTIMIZATION_LEVEL = "-O";
			};
			name = Release;
		};
		22C5BFBA2A794FA600384FF7 /* Debug */ = {
			isa = XCBuildConfiguration;
			buildSettings = {
				ASSETCATALOG_COMPILER_APPICON_NAME = AppIcon;
				ASSETCATALOG_COMPILER_GLOBAL_ACCENT_COLOR_NAME = AccentColor;
				CODE_SIGN_ENTITLEMENTS = "Minimalist Watch/Minimalist_Watch.entitlements";
				CODE_SIGN_STYLE = Automatic;
				CURRENT_PROJECT_VERSION = 1;
				DEVELOPMENT_ASSET_PATHS = "\"Minimalist Watch/Preview Content\"";
				ENABLE_PREVIEWS = YES;
				GENERATE_INFOPLIST_FILE = YES;
				INFOPLIST_KEY_CFBundleDisplayName = "Minimal Clock";
				INFOPLIST_KEY_LSApplicationCategoryType = "public.app-category.utilities";
				"INFOPLIST_KEY_UIApplicationSceneManifest_Generation[sdk=iphoneos*]" = YES;
				"INFOPLIST_KEY_UIApplicationSceneManifest_Generation[sdk=iphonesimulator*]" = YES;
				"INFOPLIST_KEY_UIApplicationSupportsIndirectInputEvents[sdk=iphoneos*]" = YES;
				"INFOPLIST_KEY_UIApplicationSupportsIndirectInputEvents[sdk=iphonesimulator*]" = YES;
				"INFOPLIST_KEY_UILaunchScreen_Generation[sdk=iphoneos*]" = YES;
				"INFOPLIST_KEY_UILaunchScreen_Generation[sdk=iphonesimulator*]" = YES;
				"INFOPLIST_KEY_UIStatusBarStyle[sdk=iphoneos*]" = UIStatusBarStyleDefault;
				"INFOPLIST_KEY_UIStatusBarStyle[sdk=iphonesimulator*]" = UIStatusBarStyleDefault;
				INFOPLIST_KEY_UISupportedInterfaceOrientations_iPad = "UIInterfaceOrientationPortrait UIInterfaceOrientationPortraitUpsideDown UIInterfaceOrientationLandscapeLeft UIInterfaceOrientationLandscapeRight";
				INFOPLIST_KEY_UISupportedInterfaceOrientations_iPhone = "UIInterfaceOrientationPortrait UIInterfaceOrientationLandscapeLeft UIInterfaceOrientationLandscapeRight";
				IPHONEOS_DEPLOYMENT_TARGET = 14.1;
				LD_RUNPATH_SEARCH_PATHS = "@executable_path/Frameworks";
				"LD_RUNPATH_SEARCH_PATHS[sdk=macosx*]" = "@executable_path/../Frameworks";
				MACOSX_DEPLOYMENT_TARGET = 13.2;
				MARKETING_VERSION = 1.0;
				PRODUCT_BUNDLE_IDENTIFIER = com.muiz.idn.MinimalClock;
				PRODUCT_NAME = "$(TARGET_NAME)";
				SDKROOT = auto;
				SUPPORTED_PLATFORMS = "iphoneos iphonesimulator macosx";
				SWIFT_EMIT_LOC_STRINGS = YES;
				SWIFT_VERSION = 5.0;
				TARGETED_DEVICE_FAMILY = "1,2";
			};
			name = Debug;
		};
		22C5BFBB2A794FA600384FF7 /* Release */ = {
			isa = XCBuildConfiguration;
			buildSettings = {
				ASSETCATALOG_COMPILER_APPICON_NAME = AppIcon;
				ASSETCATALOG_COMPILER_GLOBAL_ACCENT_COLOR_NAME = AccentColor;
				CODE_SIGN_ENTITLEMENTS = "Minimalist Watch/Minimalist_Watch.entitlements";
				CODE_SIGN_STYLE = Automatic;
				CURRENT_PROJECT_VERSION = 1;
				DEVELOPMENT_ASSET_PATHS = "\"Minimalist Watch/Preview Content\"";
				ENABLE_PREVIEWS = YES;
				GENERATE_INFOPLIST_FILE = YES;
				INFOPLIST_KEY_CFBundleDisplayName = "Minimal Clock";
				INFOPLIST_KEY_LSApplicationCategoryType = "public.app-category.utilities";
				"INFOPLIST_KEY_UIApplicationSceneManifest_Generation[sdk=iphoneos*]" = YES;
				"INFOPLIST_KEY_UIApplicationSceneManifest_Generation[sdk=iphonesimulator*]" = YES;
				"INFOPLIST_KEY_UIApplicationSupportsIndirectInputEvents[sdk=iphoneos*]" = YES;
				"INFOPLIST_KEY_UIApplicationSupportsIndirectInputEvents[sdk=iphonesimulator*]" = YES;
				"INFOPLIST_KEY_UILaunchScreen_Generation[sdk=iphoneos*]" = YES;
				"INFOPLIST_KEY_UILaunchScreen_Generation[sdk=iphonesimulator*]" = YES;
				"INFOPLIST_KEY_UIStatusBarStyle[sdk=iphoneos*]" = UIStatusBarStyleDefault;
				"INFOPLIST_KEY_UIStatusBarStyle[sdk=iphonesimulator*]" = UIStatusBarStyleDefault;
				INFOPLIST_KEY_UISupportedInterfaceOrientations_iPad = "UIInterfaceOrientationPortrait UIInterfaceOrientationPortraitUpsideDown UIInterfaceOrientationLandscapeLeft UIInterfaceOrientationLandscapeRight";
				INFOPLIST_KEY_UISupportedInterfaceOrientations_iPhone = "UIInterfaceOrientationPortrait UIInterfaceOrientationLandscapeLeft UIInterfaceOrientationLandscapeRight";
				IPHONEOS_DEPLOYMENT_TARGET = 14.1;
				LD_RUNPATH_SEARCH_PATHS = "@executable_path/Frameworks";
				"LD_RUNPATH_SEARCH_PATHS[sdk=macosx*]" = "@executable_path/../Frameworks";
				MACOSX_DEPLOYMENT_TARGET = 13.2;
				MARKETING_VERSION = 1.0;
				PRODUCT_BUNDLE_IDENTIFIER = com.muiz.idn.MinimalClock;
				PRODUCT_NAME = "$(TARGET_NAME)";
				SDKROOT = auto;
				SUPPORTED_PLATFORMS = "iphoneos iphonesimulator macosx";
				SWIFT_EMIT_LOC_STRINGS = YES;
				SWIFT_VERSION = 5.0;
				TARGETED_DEVICE_FAMILY = "1,2";
			};
			name = Release;
		};
/* End XCBuildConfiguration section */

/* Begin XCConfigurationList section */
		229365202A883E7B00F49934 /* Build configuration list for PBXNativeTarget "MinimalistWatchTests" */ = {
			isa = XCConfigurationList;
			buildConfigurations = (
				2293651E2A883E7B00F49934 /* Debug */,
				2293651F2A883E7B00F49934 /* Release */,
			);
			defaultConfigurationIsVisible = 0;
			defaultConfigurationName = Release;
		};
		22C5BFA52A794FA400384FF7 /* Build configuration list for PBXProject "Minimalist Watch" */ = {
			isa = XCConfigurationList;
			buildConfigurations = (
				22C5BFB72A794FA600384FF7 /* Debug */,
				22C5BFB82A794FA600384FF7 /* Release */,
			);
			defaultConfigurationIsVisible = 0;
			defaultConfigurationName = Release;
		};
		22C5BFB92A794FA600384FF7 /* Build configuration list for PBXNativeTarget "Minimalist Watch" */ = {
			isa = XCConfigurationList;
			buildConfigurations = (
				22C5BFBA2A794FA600384FF7 /* Debug */,
				22C5BFBB2A794FA600384FF7 /* Release */,
			);
			defaultConfigurationIsVisible = 0;
			defaultConfigurationName = Release;
		};
/* End XCConfigurationList section */
	};
	rootObject = 22C5BFA22A794FA400384FF7 /* Project object */;
}
